// !$*UTF8*$!
{
	archiveVersion = 1;
	classes = {
	};
	objectVersion = 56;
	objects = {

/* Begin PBXBuildFile section */
		4E0151DB2D3F42A900E1FAB4 /* SFSymbolsPicker in Frameworks */ = {isa = PBXBuildFile; productRef = 4E0151DA2D3F42A900E1FAB4 /* SFSymbolsPicker */; };
		4E0D9EAD2D17AD8400C30DFF /* HabitaApp.swift in Sources */ = {isa = PBXBuildFile; fileRef = 4E0D9EAC2D17AD8400C30DFF /* HabitaApp.swift */; };
		4E0D9EAF2D17AD8400C30DFF /* ContentView.swift in Sources */ = {isa = PBXBuildFile; fileRef = 4E0D9EAE2D17AD8400C30DFF /* ContentView.swift */; };
		4E0D9EB12D17AD8600C30DFF /* Assets.xcassets in Resources */ = {isa = PBXBuildFile; fileRef = 4E0D9EB02D17AD8600C30DFF /* Assets.xcassets */; };
		4E0D9EB42D17AD8600C30DFF /* Preview Assets.xcassets in Resources */ = {isa = PBXBuildFile; fileRef = 4E0D9EB32D17AD8600C30DFF /* Preview Assets.xcassets */; };
		4E0D9EBB2D17AD9500C30DFF /* MainView.swift in Sources */ = {isa = PBXBuildFile; fileRef = 4E0D9EBA2D17AD9500C30DFF /* MainView.swift */; };
		4E0D9EBD2D17ADA000C30DFF /* RewardsView.swift in Sources */ = {isa = PBXBuildFile; fileRef = 4E0D9EBC2D17AD9F00C30DFF /* RewardsView.swift */; };
		4E0D9EBF2D17ADB000C30DFF /* AddView.swift in Sources */ = {isa = PBXBuildFile; fileRef = 4E0D9EBE2D17ADB000C30DFF /* AddView.swift */; };
		4E0D9EC22D17AE2900C30DFF /* ActivityItem.swift in Sources */ = {isa = PBXBuildFile; fileRef = 4E0D9EC12D17AE2900C30DFF /* ActivityItem.swift */; };
		4E0D9EC62D17B5BC00C30DFF /* activities.json in Resources */ = {isa = PBXBuildFile; fileRef = 4E0D9EC52D17B5BC00C30DFF /* activities.json */; };
		4E0D9EC82D17B65600C30DFF /* Bundle-Decodable.swift in Sources */ = {isa = PBXBuildFile; fileRef = 4E0D9EC72D17B65600C30DFF /* Bundle-Decodable.swift */; };
		4E3258D12D1F0C6C00D4DB55 /* ViewMode.swift in Sources */ = {isa = PBXBuildFile; fileRef = 4E3258D02D1F0C6C00D4DB55 /* ViewMode.swift */; };
		4E5125092D26369D00CE9999 /* HabitTracker.swift in Sources */ = {isa = PBXBuildFile; fileRef = 4E5125082D26369D00CE9999 /* HabitTracker.swift */; };
		4EEF203B2D3DE7B4000846AA /* screenshot05.png in Resources */ = {isa = PBXBuildFile; fileRef = 4EEF20352D3DE7B4000846AA /* screenshot05.png */; };
		4EEF203C2D3DE7B4000846AA /* screenshot06.png in Resources */ = {isa = PBXBuildFile; fileRef = 4EEF20362D3DE7B4000846AA /* screenshot06.png */; };
		4EEF203D2D3DE7B4000846AA /* screenshot03.png in Resources */ = {isa = PBXBuildFile; fileRef = 4EEF20372D3DE7B4000846AA /* screenshot03.png */; };
		4EEF203E2D3DE7B4000846AA /* screenshot02.png in Resources */ = {isa = PBXBuildFile; fileRef = 4EEF20382D3DE7B4000846AA /* screenshot02.png */; };
		4EEF203F2D3DE7B4000846AA /* screenshot01.png in Resources */ = {isa = PBXBuildFile; fileRef = 4EEF20392D3DE7B4000846AA /* screenshot01.png */; };
		4EEF20402D3DE7B4000846AA /* screenshot04.png in Resources */ = {isa = PBXBuildFile; fileRef = 4EEF203A2D3DE7B4000846AA /* screenshot04.png */; };
		4EF9A29A2D24F4D800F5E926 /* MainTabbedView.swift in Sources */ = {isa = PBXBuildFile; fileRef = 4EF9A2992D24F4D800F5E926 /* MainTabbedView.swift */; };
/* End PBXBuildFile section */

/* Begin PBXFileReference section */
		4E0D9EA92D17AD8400C30DFF /* Habita.app */ = {isa = PBXFileReference; explicitFileType = wrapper.application; includeInIndex = 0; path = Habita.app; sourceTree = BUILT_PRODUCTS_DIR; };
		4E0D9EAC2D17AD8400C30DFF /* HabitaApp.swift */ = {isa = PBXFileReference; lastKnownFileType = sourcecode.swift; path = HabitaApp.swift; sourceTree = "<group>"; };
		4E0D9EAE2D17AD8400C30DFF /* ContentView.swift */ = {isa = PBXFileReference; lastKnownFileType = sourcecode.swift; path = ContentView.swift; sourceTree = "<group>"; };
		4E0D9EB02D17AD8600C30DFF /* Assets.xcassets */ = {isa = PBXFileReference; lastKnownFileType = folder.assetcatalog; path = Assets.xcassets; sourceTree = "<group>"; };
		4E0D9EB32D17AD8600C30DFF /* Preview Assets.xcassets */ = {isa = PBXFileReference; lastKnownFileType = folder.assetcatalog; path = "Preview Assets.xcassets"; sourceTree = "<group>"; };
		4E0D9EBA2D17AD9500C30DFF /* MainView.swift */ = {isa = PBXFileReference; lastKnownFileType = sourcecode.swift; path = MainView.swift; sourceTree = "<group>"; };
		4E0D9EBC2D17AD9F00C30DFF /* RewardsView.swift */ = {isa = PBXFileReference; lastKnownFileType = sourcecode.swift; path = RewardsView.swift; sourceTree = "<group>"; };
		4E0D9EBE2D17ADB000C30DFF /* AddView.swift */ = {isa = PBXFileReference; lastKnownFileType = sourcecode.swift; path = AddView.swift; sourceTree = "<group>"; };
		4E0D9EC12D17AE2900C30DFF /* ActivityItem.swift */ = {isa = PBXFileReference; lastKnownFileType = sourcecode.swift; path = ActivityItem.swift; sourceTree = "<group>"; };
		4E0D9EC52D17B5BC00C30DFF /* activities.json */ = {isa = PBXFileReference; fileEncoding = 4; lastKnownFileType = text.json; path = activities.json; sourceTree = "<group>"; };
		4E0D9EC72D17B65600C30DFF /* Bundle-Decodable.swift */ = {isa = PBXFileReference; fileEncoding = 4; lastKnownFileType = sourcecode.swift; path = "Bundle-Decodable.swift"; sourceTree = "<group>"; };
		4E3258D02D1F0C6C00D4DB55 /* ViewMode.swift */ = {isa = PBXFileReference; lastKnownFileType = sourcecode.swift; path = ViewMode.swift; sourceTree = "<group>"; };
		4E5125082D26369D00CE9999 /* HabitTracker.swift */ = {isa = PBXFileReference; lastKnownFileType = sourcecode.swift; path = HabitTracker.swift; sourceTree = "<group>"; };
		4EEF20352D3DE7B4000846AA /* screenshot05.png */ = {isa = PBXFileReference; lastKnownFileType = image.png; path = screenshot05.png; sourceTree = "<group>"; };
		4EEF20362D3DE7B4000846AA /* screenshot06.png */ = {isa = PBXFileReference; lastKnownFileType = image.png; path = screenshot06.png; sourceTree = "<group>"; };
		4EEF20372D3DE7B4000846AA /* screenshot03.png */ = {isa = PBXFileReference; lastKnownFileType = image.png; path = screenshot03.png; sourceTree = "<group>"; };
		4EEF20382D3DE7B4000846AA /* screenshot02.png */ = {isa = PBXFileReference; lastKnownFileType = image.png; path = screenshot02.png; sourceTree = "<group>"; };
		4EEF20392D3DE7B4000846AA /* screenshot01.png */ = {isa = PBXFileReference; lastKnownFileType = image.png; path = screenshot01.png; sourceTree = "<group>"; };
		4EEF203A2D3DE7B4000846AA /* screenshot04.png */ = {isa = PBXFileReference; lastKnownFileType = image.png; path = screenshot04.png; sourceTree = "<group>"; };
		4EF9A2992D24F4D800F5E926 /* MainTabbedView.swift */ = {isa = PBXFileReference; lastKnownFileType = sourcecode.swift; path = MainTabbedView.swift; sourceTree = "<group>"; };
/* End PBXFileReference section */

/* Begin PBXFrameworksBuildPhase section */
		4E0D9EA62D17AD8400C30DFF /* Frameworks */ = {
			isa = PBXFrameworksBuildPhase;
			buildActionMask = 2147483647;
			files = (
				4E0151DB2D3F42A900E1FAB4 /* SFSymbolsPicker in Frameworks */,
			);
			runOnlyForDeploymentPostprocessing = 0;
		};
/* End PBXFrameworksBuildPhase section */

/* Begin PBXGroup section */
		4E0151DC2D3F43F700E1FAB4 /* Enum */ = {
			isa = PBXGroup;
			children = (
				4E3258D02D1F0C6C00D4DB55 /* ViewMode.swift */,
			);
			path = Enum;
			sourceTree = "<group>";
		};
		4E0D9EA02D17AD8400C30DFF = {
			isa = PBXGroup;
			children = (
				4E0D9EAB2D17AD8400C30DFF /* Habita */,
				4E0D9EAA2D17AD8400C30DFF /* Products */,
			);
			sourceTree = "<group>";
		};
		4E0D9EAA2D17AD8400C30DFF /* Products */ = {
			isa = PBXGroup;
			children = (
				4E0D9EA92D17AD8400C30DFF /* Habita.app */,
			);
			name = Products;
			sourceTree = "<group>";
		};
		4E0D9EAB2D17AD8400C30DFF /* Habita */ = {
			isa = PBXGroup;
			children = (
				4E0D9EAC2D17AD8400C30DFF /* HabitaApp.swift */,
				4E0D9EC52D17B5BC00C30DFF /* activities.json */,
				4E5125082D26369D00CE9999 /* HabitTracker.swift */,
				4E0151DC2D3F43F700E1FAB4 /* Enum */,
				4E0D9EC92D17B65900C30DFF /* Extension */,
				4E0D9EC32D17AE3000C30DFF /* Model */,
				4E0D9EC02D17ADBB00C30DFF /* View */,
				4EEF20342D3DE68B000846AA /* Screenshot */,
				4E0D9EB02D17AD8600C30DFF /* Assets.xcassets */,
				4E0D9EB22D17AD8600C30DFF /* Preview Content */,
			);
			path = Habita;
			sourceTree = "<group>";
		};
		4E0D9EB22D17AD8600C30DFF /* Preview Content */ = {
			isa = PBXGroup;
			children = (
				4E0D9EB32D17AD8600C30DFF /* Preview Assets.xcassets */,
			);
			path = "Preview Content";
			sourceTree = "<group>";
		};
		4E0D9EC02D17ADBB00C30DFF /* View */ = {
			isa = PBXGroup;
			children = (
				4E0D9EAE2D17AD8400C30DFF /* ContentView.swift */,
				4E0D9EBA2D17AD9500C30DFF /* MainView.swift */,
				4E0D9EBE2D17ADB000C30DFF /* AddView.swift */,
				4E0D9EBC2D17AD9F00C30DFF /* RewardsView.swift */,
			);
			path = View;
			sourceTree = "<group>";
		};
		4E0D9EC32D17AE3000C30DFF /* Model */ = {
			isa = PBXGroup;
			children = (
				4E0D9EC12D17AE2900C30DFF /* ActivityItem.swift */,
			);
			path = Model;
			sourceTree = "<group>";
		};
		4E0D9EC92D17B65900C30DFF /* Extension */ = {
			isa = PBXGroup;
			children = (
				4E0D9EC72D17B65600C30DFF /* Bundle-Decodable.swift */,
				4EF9A2992D24F4D800F5E926 /* MainTabbedView.swift */,
			);
			path = Extension;
			sourceTree = "<group>";
		};
		4EEF20342D3DE68B000846AA /* Screenshot */ = {
			isa = PBXGroup;
			children = (
				4EEF20392D3DE7B4000846AA /* screenshot01.png */,
				4EEF20382D3DE7B4000846AA /* screenshot02.png */,
				4EEF20372D3DE7B4000846AA /* screenshot03.png */,
				4EEF203A2D3DE7B4000846AA /* screenshot04.png */,
				4EEF20352D3DE7B4000846AA /* screenshot05.png */,
				4EEF20362D3DE7B4000846AA /* screenshot06.png */,
			);
			path = Screenshot;
			sourceTree = "<group>";
		};
/* End PBXGroup section */

/* Begin PBXNativeTarget section */
		4E0D9EA82D17AD8400C30DFF /* Habita */ = {
			isa = PBXNativeTarget;
			buildConfigurationList = 4E0D9EB72D17AD8600C30DFF /* Build configuration list for PBXNativeTarget "Habita" */;
			buildPhases = (
				4E0D9EA52D17AD8400C30DFF /* Sources */,
				4E0D9EA62D17AD8400C30DFF /* Frameworks */,
				4E0D9EA72D17AD8400C30DFF /* Resources */,
			);
			buildRules = (
			);
			dependencies = (
			);
			name = Habita;
			packageProductDependencies = (
				4E0151DA2D3F42A900E1FAB4 /* SFSymbolsPicker */,
			);
			productName = Habita;
			productReference = 4E0D9EA92D17AD8400C30DFF /* Habita.app */;
			productType = "com.apple.product-type.application";
		};
/* End PBXNativeTarget section */

/* Begin PBXProject section */
		4E0D9EA12D17AD8400C30DFF /* Project object */ = {
			isa = PBXProject;
			attributes = {
				BuildIndependentTargetsInParallel = 1;
				LastSwiftUpdateCheck = 1530;
				LastUpgradeCheck = 1530;
				TargetAttributes = {
					4E0D9EA82D17AD8400C30DFF = {
						CreatedOnToolsVersion = 15.3;
					};
				};
			};
			buildConfigurationList = 4E0D9EA42D17AD8400C30DFF /* Build configuration list for PBXProject "Habita" */;
			compatibilityVersion = "Xcode 14.0";
			developmentRegion = en;
			hasScannedForEncodings = 0;
			knownRegions = (
				en,
				Base,
			);
			mainGroup = 4E0D9EA02D17AD8400C30DFF;
			packageReferences = (
				4E0151D92D3F42A900E1FAB4 /* XCRemoteSwiftPackageReference "SFSymbolsPicker" */,
			);
			productRefGroup = 4E0D9EAA2D17AD8400C30DFF /* Products */;
			projectDirPath = "";
			projectRoot = "";
			targets = (
				4E0D9EA82D17AD8400C30DFF /* Habita */,
			);
		};
/* End PBXProject section */

/* Begin PBXResourcesBuildPhase section */
		4E0D9EA72D17AD8400C30DFF /* Resources */ = {
			isa = PBXResourcesBuildPhase;
			buildActionMask = 2147483647;
			files = (
				4EEF20402D3DE7B4000846AA /* screenshot04.png in Resources */,
				4EEF203D2D3DE7B4000846AA /* screenshot03.png in Resources */,
				4EEF203E2D3DE7B4000846AA /* screenshot02.png in Resources */,
				4EEF203F2D3DE7B4000846AA /* screenshot01.png in Resources */,
				4E0D9EB42D17AD8600C30DFF /* Preview Assets.xcassets in Resources */,
				4E0D9EB12D17AD8600C30DFF /* Assets.xcassets in Resources */,
				4EEF203B2D3DE7B4000846AA /* screenshot05.png in Resources */,
				4EEF203C2D3DE7B4000846AA /* screenshot06.png in Resources */,
				4E0D9EC62D17B5BC00C30DFF /* activities.json in Resources */,
			);
			runOnlyForDeploymentPostprocessing = 0;
		};
/* End PBXResourcesBuildPhase section */

/* Begin PBXSourcesBuildPhase section */
		4E0D9EA52D17AD8400C30DFF /* Sources */ = {
			isa = PBXSourcesBuildPhase;
			buildActionMask = 2147483647;
			files = (
				4E3258D12D1F0C6C00D4DB55 /* ViewMode.swift in Sources */,
				4E5125092D26369D00CE9999 /* HabitTracker.swift in Sources */,
				4E0D9EC22D17AE2900C30DFF /* ActivityItem.swift in Sources */,
				4E0D9EAF2D17AD8400C30DFF /* ContentView.swift in Sources */,
				4E0D9EBB2D17AD9500C30DFF /* MainView.swift in Sources */,
				4E0D9EBF2D17ADB000C30DFF /* AddView.swift in Sources */,
				4E0D9EAD2D17AD8400C30DFF /* HabitaApp.swift in Sources */,
				4E0D9EC82D17B65600C30DFF /* Bundle-Decodable.swift in Sources */,
				4E0D9EBD2D17ADA000C30DFF /* RewardsView.swift in Sources */,
				4EF9A29A2D24F4D800F5E926 /* MainTabbedView.swift in Sources */,
			);
			runOnlyForDeploymentPostprocessing = 0;
		};
/* End PBXSourcesBuildPhase section */

/* Begin XCBuildConfiguration section */
		4E0D9EB52D17AD8600C30DFF /* Debug */ = {
			isa = XCBuildConfiguration;
			buildSettings = {
				ALWAYS_SEARCH_USER_PATHS = NO;
				ASSETCATALOG_COMPILER_GENERATE_SWIFT_ASSET_SYMBOL_EXTENSIONS = YES;
				CLANG_ANALYZER_NONNULL = YES;
				CLANG_ANALYZER_NUMBER_OBJECT_CONVERSION = YES_AGGRESSIVE;
				CLANG_CXX_LANGUAGE_STANDARD = "gnu++20";
				CLANG_ENABLE_MODULES = YES;
				CLANG_ENABLE_OBJC_ARC = YES;
				CLANG_ENABLE_OBJC_WEAK = YES;
				CLANG_WARN_BLOCK_CAPTURE_AUTORELEASING = YES;
				CLANG_WARN_BOOL_CONVERSION = YES;
				CLANG_WARN_COMMA = YES;
				CLANG_WARN_CONSTANT_CONVERSION = YES;
				CLANG_WARN_DEPRECATED_OBJC_IMPLEMENTATIONS = YES;
				CLANG_WARN_DIRECT_OBJC_ISA_USAGE = YES_ERROR;
				CLANG_WARN_DOCUMENTATION_COMMENTS = YES;
				CLANG_WARN_EMPTY_BODY = YES;
				CLANG_WARN_ENUM_CONVERSION = YES;
				CLANG_WARN_INFINITE_RECURSION = YES;
				CLANG_WARN_INT_CONVERSION = YES;
				CLANG_WARN_NON_LITERAL_NULL_CONVERSION = YES;
				CLANG_WARN_OBJC_IMPLICIT_RETAIN_SELF = YES;
				CLANG_WARN_OBJC_LITERAL_CONVERSION = YES;
				CLANG_WARN_OBJC_ROOT_CLASS = YES_ERROR;
				CLANG_WARN_QUOTED_INCLUDE_IN_FRAMEWORK_HEADER = YES;
				CLANG_WARN_RANGE_LOOP_ANALYSIS = YES;
				CLANG_WARN_STRICT_PROTOTYPES = YES;
				CLANG_WARN_SUSPICIOUS_MOVE = YES;
				CLANG_WARN_UNGUARDED_AVAILABILITY = YES_AGGRESSIVE;
				CLANG_WARN_UNREACHABLE_CODE = YES;
				CLANG_WARN__DUPLICATE_METHOD_MATCH = YES;
				COPY_PHASE_STRIP = NO;
				DEBUG_INFORMATION_FORMAT = dwarf;
				ENABLE_STRICT_OBJC_MSGSEND = YES;
				ENABLE_TESTABILITY = YES;
				ENABLE_USER_SCRIPT_SANDBOXING = YES;
				GCC_C_LANGUAGE_STANDARD = gnu17;
				GCC_DYNAMIC_NO_PIC = NO;
				GCC_NO_COMMON_BLOCKS = YES;
				GCC_OPTIMIZATION_LEVEL = 0;
				GCC_PREPROCESSOR_DEFINITIONS = (
					"DEBUG=1",
					"$(inherited)",
				);
				GCC_WARN_64_TO_32_BIT_CONVERSION = YES;
				GCC_WARN_ABOUT_RETURN_TYPE = YES_ERROR;
				GCC_WARN_UNDECLARED_SELECTOR = YES;
				GCC_WARN_UNINITIALIZED_AUTOS = YES_AGGRESSIVE;
				GCC_WARN_UNUSED_FUNCTION = YES;
				GCC_WARN_UNUSED_VARIABLE = YES;
				IPHONEOS_DEPLOYMENT_TARGET = 17.4;
				LOCALIZATION_PREFERS_STRING_CATALOGS = YES;
				MTL_ENABLE_DEBUG_INFO = INCLUDE_SOURCE;
				MTL_FAST_MATH = YES;
				ONLY_ACTIVE_ARCH = YES;
				SDKROOT = iphoneos;
				SWIFT_ACTIVE_COMPILATION_CONDITIONS = "DEBUG $(inherited)";
				SWIFT_OPTIMIZATION_LEVEL = "-Onone";
			};
			name = Debug;
		};
		4E0D9EB62D17AD8600C30DFF /* Release */ = {
			isa = XCBuildConfiguration;
			buildSettings = {
				ALWAYS_SEARCH_USER_PATHS = NO;
				ASSETCATALOG_COMPILER_GENERATE_SWIFT_ASSET_SYMBOL_EXTENSIONS = YES;
				CLANG_ANALYZER_NONNULL = YES;
				CLANG_ANALYZER_NUMBER_OBJECT_CONVERSION = YES_AGGRESSIVE;
				CLANG_CXX_LANGUAGE_STANDARD = "gnu++20";
				CLANG_ENABLE_MODULES = YES;
				CLANG_ENABLE_OBJC_ARC = YES;
				CLANG_ENABLE_OBJC_WEAK = YES;
				CLANG_WARN_BLOCK_CAPTURE_AUTORELEASING = YES;
				CLANG_WARN_BOOL_CONVERSION = YES;
				CLANG_WARN_COMMA = YES;
				CLANG_WARN_CONSTANT_CONVERSION = YES;
				CLANG_WARN_DEPRECATED_OBJC_IMPLEMENTATIONS = YES;
				CLANG_WARN_DIRECT_OBJC_ISA_USAGE = YES_ERROR;
				CLANG_WARN_DOCUMENTATION_COMMENTS = YES;
				CLANG_WARN_EMPTY_BODY = YES;
				CLANG_WARN_ENUM_CONVERSION = YES;
				CLANG_WARN_INFINITE_RECURSION = YES;
				CLANG_WARN_INT_CONVERSION = YES;
				CLANG_WARN_NON_LITERAL_NULL_CONVERSION = YES;
				CLANG_WARN_OBJC_IMPLICIT_RETAIN_SELF = YES;
				CLANG_WARN_OBJC_LITERAL_CONVERSION = YES;
				CLANG_WARN_OBJC_ROOT_CLASS = YES_ERROR;
				CLANG_WARN_QUOTED_INCLUDE_IN_FRAMEWORK_HEADER = YES;
				CLANG_WARN_RANGE_LOOP_ANALYSIS = YES;
				CLANG_WARN_STRICT_PROTOTYPES = YES;
				CLANG_WARN_SUSPICIOUS_MOVE = YES;
				CLANG_WARN_UNGUARDED_AVAILABILITY = YES_AGGRESSIVE;
				CLANG_WARN_UNREACHABLE_CODE = YES;
				CLANG_WARN__DUPLICATE_METHOD_MATCH = YES;
				COPY_PHASE_STRIP = NO;
				DEBUG_INFORMATION_FORMAT = "dwarf-with-dsym";
				ENABLE_NS_ASSERTIONS = NO;
				ENABLE_STRICT_OBJC_MSGSEND = YES;
				ENABLE_USER_SCRIPT_SANDBOXING = YES;
				GCC_C_LANGUAGE_STANDARD = gnu17;
				GCC_NO_COMMON_BLOCKS = YES;
				GCC_WARN_64_TO_32_BIT_CONVERSION = YES;
				GCC_WARN_ABOUT_RETURN_TYPE = YES_ERROR;
				GCC_WARN_UNDECLARED_SELECTOR = YES;
				GCC_WARN_UNINITIALIZED_AUTOS = YES_AGGRESSIVE;
				GCC_WARN_UNUSED_FUNCTION = YES;
				GCC_WARN_UNUSED_VARIABLE = YES;
				IPHONEOS_DEPLOYMENT_TARGET = 17.4;
				LOCALIZATION_PREFERS_STRING_CATALOGS = YES;
				MTL_ENABLE_DEBUG_INFO = NO;
				MTL_FAST_MATH = YES;
				SDKROOT = iphoneos;
				SWIFT_COMPILATION_MODE = wholemodule;
				VALIDATE_PRODUCT = YES;
			};
			name = Release;
		};
		4E0D9EB82D17AD8600C30DFF /* Debug */ = {
			isa = XCBuildConfiguration;
			buildSettings = {
				ASSETCATALOG_COMPILER_APPICON_NAME = AppIcon;
				ASSETCATALOG_COMPILER_GLOBAL_ACCENT_COLOR_NAME = AccentColor;
				CODE_SIGN_STYLE = Automatic;
				CURRENT_PROJECT_VERSION = 1;
				DEVELOPMENT_ASSET_PATHS = "\"Habita/Preview Content\"";
				DEVELOPMENT_TEAM = 7TBPHA4CSY;
				ENABLE_PREVIEWS = YES;
				GENERATE_INFOPLIST_FILE = YES;
				INFOPLIST_KEY_UIApplicationSceneManifest_Generation = YES;
				INFOPLIST_KEY_UIApplicationSupportsIndirectInputEvents = YES;
				INFOPLIST_KEY_UILaunchScreen_Generation = YES;
				INFOPLIST_KEY_UISupportedInterfaceOrientations_iPad = "UIInterfaceOrientationPortrait UIInterfaceOrientationPortraitUpsideDown UIInterfaceOrientationLandscapeLeft UIInterfaceOrientationLandscapeRight";
				INFOPLIST_KEY_UISupportedInterfaceOrientations_iPhone = "UIInterfaceOrientationPortrait UIInterfaceOrientationLandscapeLeft UIInterfaceOrientationLandscapeRight";
				LD_RUNPATH_SEARCH_PATHS = (
					"$(inherited)",
					"@executable_path/Frameworks",
				);
				MARKETING_VERSION = 1.0;
				PRODUCT_BUNDLE_IDENTIFIER = com.garyfan.Habita;
				PRODUCT_NAME = "$(TARGET_NAME)";
				SWIFT_EMIT_LOC_STRINGS = YES;
				SWIFT_VERSION = 5.0;
				TARGETED_DEVICE_FAMILY = "1,2";
			};
			name = Debug;
		};
		4E0D9EB92D17AD8600C30DFF /* Release */ = {
			isa = XCBuildConfiguration;
			buildSettings = {
				ASSETCATALOG_COMPILER_APPICON_NAME = AppIcon;
				ASSETCATALOG_COMPILER_GLOBAL_ACCENT_COLOR_NAME = AccentColor;
				CODE_SIGN_STYLE = Automatic;
				CURRENT_PROJECT_VERSION = 1;
				DEVELOPMENT_ASSET_PATHS = "\"Habita/Preview Content\"";
				DEVELOPMENT_TEAM = 7TBPHA4CSY;
				ENABLE_PREVIEWS = YES;
				GENERATE_INFOPLIST_FILE = YES;
				INFOPLIST_KEY_UIApplicationSceneManifest_Generation = YES;
				INFOPLIST_KEY_UIApplicationSupportsIndirectInputEvents = YES;
				INFOPLIST_KEY_UILaunchScreen_Generation = YES;
				INFOPLIST_KEY_UISupportedInterfaceOrientations_iPad = "UIInterfaceOrientationPortrait UIInterfaceOrientationPortraitUpsideDown UIInterfaceOrientationLandscapeLeft UIInterfaceOrientationLandscapeRight";
				INFOPLIST_KEY_UISupportedInterfaceOrientations_iPhone = "UIInterfaceOrientationPortrait UIInterfaceOrientationLandscapeLeft UIInterfaceOrientationLandscapeRight";
				LD_RUNPATH_SEARCH_PATHS = (
					"$(inherited)",
					"@executable_path/Frameworks",
				);
				MARKETING_VERSION = 1.0;
				PRODUCT_BUNDLE_IDENTIFIER = com.garyfan.Habita;
				PRODUCT_NAME = "$(TARGET_NAME)";
				SWIFT_EMIT_LOC_STRINGS = YES;
				SWIFT_VERSION = 5.0;
				TARGETED_DEVICE_FAMILY = "1,2";
			};
			name = Release;
		};
/* End XCBuildConfiguration section */

/* Begin XCConfigurationList section */
		4E0D9EA42D17AD8400C30DFF /* Build configuration list for PBXProject "Habita" */ = {
			isa = XCConfigurationList;
			buildConfigurations = (
				4E0D9EB52D17AD8600C30DFF /* Debug */,
				4E0D9EB62D17AD8600C30DFF /* Release */,
			);
			defaultConfigurationIsVisible = 0;
			defaultConfigurationName = Release;
		};
		4E0D9EB72D17AD8600C30DFF /* Build configuration list for PBXNativeTarget "Habita" */ = {
			isa = XCConfigurationList;
			buildConfigurations = (
				4E0D9EB82D17AD8600C30DFF /* Debug */,
				4E0D9EB92D17AD8600C30DFF /* Release */,
			);
			defaultConfigurationIsVisible = 0;
			defaultConfigurationName = Release;
		};
/* End XCConfigurationList section */

/* Begin XCRemoteSwiftPackageReference section */
		4E0151D92D3F42A900E1FAB4 /* XCRemoteSwiftPackageReference "SFSymbolsPicker" */ = {
			isa = XCRemoteSwiftPackageReference;
			repositoryURL = "https://github.com/alessiorubicini/SFSymbolsPicker";
			requirement = {
				kind = upToNextMajorVersion;
				minimumVersion = 1.0.6;
			};
		};
/* End XCRemoteSwiftPackageReference section */

/* Begin XCSwiftPackageProductDependency section */
		4E0151DA2D3F42A900E1FAB4 /* SFSymbolsPicker */ = {
			isa = XCSwiftPackageProductDependency;
			package = 4E0151D92D3F42A900E1FAB4 /* XCRemoteSwiftPackageReference "SFSymbolsPicker" */;
			productName = SFSymbolsPicker;
		};
/* End XCSwiftPackageProductDependency section */
	};
	rootObject = 4E0D9EA12D17AD8400C30DFF /* Project object */;
}
